
Microsoft Visual Studio Solution File, Format Version 11.00
# Visual Studio 2010
Project("{FAE04EC0-301F-11D3-BF4B-00C04F79EFBC}") = "Assembly-CSharp", "Assembly-CSharp.csproj", "{AD0C386A-A2F1-7CA2-AB9B-5C00C2170E1D}"
EndProject
Project("{FAE04EC0-301F-11D3-BF4B-00C04F79EFBC}") = "Assembly-CSharp-Editor", "Assembly-CSharp-Editor.csproj", "{FC4325E3-B6CE-4EAD-6532-393877F43B85}"
EndProject
Global
	GlobalSection(SolutionConfigurationPlatforms) = preSolution
		Debug|Any CPU = Debug|Any CPU
		Release|Any CPU = Release|Any CPU
	EndGlobalSection
	GlobalSection(ProjectConfigurationPlatforms) = postSolution
		{AD0C386A-A2F1-7CA2-AB9B-5C00C2170E1D}.Debug|Any CPU.ActiveCfg = Debug|Any CPU
		{AD0C386A-A2F1-7CA2-AB9B-5C00C2170E1D}.Debug|Any CPU.Build.0 = Debug|Any CPU
		{AD0C386A-A2F1-7CA2-AB9B-5C00C2170E1D}.Release|Any CPU.ActiveCfg = Release|Any CPU
		{AD0C386A-A2F1-7CA2-AB9B-5C00C2170E1D}.Release|Any CPU.Build.0 = Release|Any CPU
		{FC4325E3-B6CE-4EAD-6532-393877F43B85}.Debug|Any CPU.ActiveCfg = Debug|Any CPU
		{FC4325E3-B6CE-4EAD-6532-393877F43B85}.Debug|Any CPU.Build.0 = Debug|Any CPU
		{FC4325E3-B6CE-4EAD-6532-393877F43B85}.Release|Any CPU.ActiveCfg = Release|Any CPU
		{FC4325E3-B6CE-4EAD-6532-393877F43B85}.Release|Any CPU.Build.0 = Release|Any CPU
	EndGlobalSection
	GlobalSection(SolutionProperties) = preSolution
		HideSolutionNode = FALSE
	EndGlobalSection
	GlobalSection(MonoDevelopProperties) = preSolution
		StartupItem = Assembly-CSharp.csproj
	EndGlobalSection
EndGlobal
