
Microsoft Visual Studio Solution File, Format Version 12.00
# Visual Studio 15
Project("{FAE04EC0-301F-11D3-BF4B-00C04F79EFBC}") = "Running", "Running.csproj", "{4F07436C-C1B3-27D2-99CC-AE6ABB6ADF1D}"
EndProject
Project("{FAE04EC0-301F-11D3-BF4B-00C04F79EFBC}") = "Running.Editor", "Running.Editor.csproj", "{AC6C3380-1ABD-AC15-8113-AE52B1E2B7FF}"
EndProject
Global
	GlobalSection(SolutionConfigurationPlatforms) = preSolution
		Debug|Any CPU = Debug|Any CPU
		Release|Any CPU = Release|Any CPU
	EndGlobalSection
	GlobalSection(ProjectConfigurationPlatforms) = postSolution
		{4F07436C-C1B3-27D2-99CC-AE6ABB6ADF1D}.Debug|Any CPU.ActiveCfg = Debug|Any CPU
		{4F07436C-C1B3-27D2-99CC-AE6ABB6ADF1D}.Debug|Any CPU.Build.0 = Debug|Any CPU
		{4F07436C-C1B3-27D2-99CC-AE6ABB6ADF1D}.Release|Any CPU.ActiveCfg = Release|Any CPU
		{4F07436C-C1B3-27D2-99CC-AE6ABB6ADF1D}.Release|Any CPU.Build.0 = Release|Any CPU
		{AC6C3380-1ABD-AC15-8113-AE52B1E2B7FF}.Debug|Any CPU.ActiveCfg = Debug|Any CPU
		{AC6C3380-1ABD-AC15-8113-AE52B1E2B7FF}.Debug|Any CPU.Build.0 = Debug|Any CPU
		{AC6C3380-1ABD-AC15-8113-AE52B1E2B7FF}.Release|Any CPU.ActiveCfg = Release|Any CPU
		{AC6C3380-1ABD-AC15-8113-AE52B1E2B7FF}.Release|Any CPU.Build.0 = Release|Any CPU
	EndGlobalSection
	GlobalSection(SolutionProperties) = preSolution
		HideSolutionNode = FALSE
	EndGlobalSection
EndGlobal
