
Microsoft Visual Studio Solution File, Format Version 11.00
# Visual Studio 2010
Project("{FAE04EC0-301F-11D3-BF4B-00C04F79EFBC}") = "Assembly-CSharp", "Assembly-CSharp.csproj", "{ABE7D967-C8B2-3AD6-7866-2C9DEDB57D12}"
EndProject
Project("{FAE04EC0-301F-11D3-BF4B-00C04F79EFBC}") = "Assembly-CSharp-Editor", "Assembly-CSharp-Editor.csproj", "{A3185EBE-8BF4-9DB7-97A2-183F2F3C8ACF}"
EndProject
Global
	GlobalSection(SolutionConfigurationPlatforms) = preSolution
		Debug|Any CPU = Debug|Any CPU
		Release|Any CPU = Release|Any CPU
	EndGlobalSection
	GlobalSection(ProjectConfigurationPlatforms) = postSolution
		{ABE7D967-C8B2-3AD6-7866-2C9DEDB57D12}.Debug|Any CPU.ActiveCfg = Debug|Any CPU
		{ABE7D967-C8B2-3AD6-7866-2C9DEDB57D12}.Debug|Any CPU.Build.0 = Debug|Any CPU
		{ABE7D967-C8B2-3AD6-7866-2C9DEDB57D12}.Release|Any CPU.ActiveCfg = Release|Any CPU
		{ABE7D967-C8B2-3AD6-7866-2C9DEDB57D12}.Release|Any CPU.Build.0 = Release|Any CPU
		{A3185EBE-8BF4-9DB7-97A2-183F2F3C8ACF}.Debug|Any CPU.ActiveCfg = Debug|Any CPU
		{A3185EBE-8BF4-9DB7-97A2-183F2F3C8ACF}.Debug|Any CPU.Build.0 = Debug|Any CPU
		{A3185EBE-8BF4-9DB7-97A2-183F2F3C8ACF}.Release|Any CPU.ActiveCfg = Release|Any CPU
		{A3185EBE-8BF4-9DB7-97A2-183F2F3C8ACF}.Release|Any CPU.Build.0 = Release|Any CPU
	EndGlobalSection
	GlobalSection(SolutionProperties) = preSolution
		HideSolutionNode = FALSE
	EndGlobalSection
	GlobalSection(MonoDevelopProperties) = preSolution
		StartupItem = Assembly-CSharp.csproj
	EndGlobalSection
EndGlobal
